
Microsoft Visual Studio Solution File, Format Version 12.00
# Visual Studio Version 16
VisualStudioVersion = 16.0.28803.202
MinimumVisualStudioVersion = 10.0.40219.1
Project("{FAE04EC0-301F-11D3-BF4B-00C04F79EFBC}") = "Valoraciones", "Valoraciones\Valoraciones.csproj", "{C988508E-7363-44E0-8177-4475B825B76D}"
EndProject
Project("{FAE04EC0-301F-11D3-BF4B-00C04F79EFBC}") = "ValoracionesTests", "ValoracionesTest\ValoracionesTests.csproj", "{7AFAC296-696A-4900-8EE2-19CB9E858B11}"
EndProject
Global
	GlobalSection(SolutionConfigurationPlatforms) = preSolution
		Debug|Any CPU = Debug|Any CPU
		Release|Any CPU = Release|Any CPU
	EndGlobalSection
	GlobalSection(ProjectConfigurationPlatforms) = postSolution
		{C988508E-7363-44E0-8177-4475B825B76D}.Debug|Any CPU.ActiveCfg = Debug|Any CPU
		{C988508E-7363-44E0-8177-4475B825B76D}.Debug|Any CPU.Build.0 = Debug|Any CPU
		{C988508E-7363-44E0-8177-4475B825B76D}.Release|Any CPU.ActiveCfg = Release|Any CPU
		{C988508E-7363-44E0-8177-4475B825B76D}.Release|Any CPU.Build.0 = Release|Any CPU
		{7AFAC296-696A-4900-8EE2-19CB9E858B11}.Debug|Any CPU.ActiveCfg = Debug|Any CPU
		{7AFAC296-696A-4900-8EE2-19CB9E858B11}.Debug|Any CPU.Build.0 = Debug|Any CPU
		{7AFAC296-696A-4900-8EE2-19CB9E858B11}.Release|Any CPU.ActiveCfg = Release|Any CPU
		{7AFAC296-696A-4900-8EE2-19CB9E858B11}.Release|Any CPU.Build.0 = Release|Any CPU
	EndGlobalSection
	GlobalSection(SolutionProperties) = preSolution
		HideSolutionNode = FALSE
	EndGlobalSection
	GlobalSection(ExtensibilityGlobals) = postSolution
		SolutionGuid = {A992614A-138F-4456-A8F3-EC39F89386EA}
	EndGlobalSection
EndGlobal
